// !$*UTF8*$!
{
	archiveVersion = 1;
	classes = {
	};
	objectVersion = 50;
	objects = {

/* Begin PBXBuildFile section */
		9C63F7722244369C00AB323B /* AppDelegate.swift in Sources */ = {isa = PBXBuildFile; fileRef = 9C63F7712244369C00AB323B /* AppDelegate.swift */; };
		9C63F7772244369C00AB323B /* Main.storyboard in Resources */ = {isa = PBXBuildFile; fileRef = 9C63F7752244369C00AB323B /* Main.storyboard */; };
		9C63F7792244369E00AB323B /* Assets.xcassets in Resources */ = {isa = PBXBuildFile; fileRef = 9C63F7782244369E00AB323B /* Assets.xcassets */; };
		9C63F77C2244369E00AB323B /* LaunchScreen.storyboard in Resources */ = {isa = PBXBuildFile; fileRef = 9C63F77A2244369E00AB323B /* LaunchScreen.storyboard */; };
		9C63F784224438D800AB323B /* SALoginViewController.swift in Sources */ = {isa = PBXBuildFile; fileRef = 9C63F783224438D800AB323B /* SALoginViewController.swift */; };
		9C63F79322443ACC00AB323B /* API.swift in Sources */ = {isa = PBXBuildFile; fileRef = 9C63F79222443ACC00AB323B /* API.swift */; };
		9C63F79922443D6300AB323B /* JobModel.swift in Sources */ = {isa = PBXBuildFile; fileRef = 9C63F79822443D6300AB323B /* JobModel.swift */; };
		9C63F79D22443E6D00AB323B /* Const.swift in Sources */ = {isa = PBXBuildFile; fileRef = 9C63F79C22443E6D00AB323B /* Const.swift */; };
		DD65C32059BC6E86E17FB61D /* Pods_SeekAsia.framework in Frameworks */ = {isa = PBXBuildFile; fileRef = 3CA5202EAF954A0A43502C32 /* Pods_SeekAsia.framework */; };
/* End PBXBuildFile section */

/* Begin PBXFileReference section */
		1D99C6F4841E2D47986827EF /* Pods-SeekAsia.debug.xcconfig */ = {isa = PBXFileReference; includeInIndex = 1; lastKnownFileType = text.xcconfig; name = "Pods-SeekAsia.debug.xcconfig"; path = "Pods/Target Support Files/Pods-SeekAsia/Pods-SeekAsia.debug.xcconfig"; sourceTree = "<group>"; };
		3CA5202EAF954A0A43502C32 /* Pods_SeekAsia.framework */ = {isa = PBXFileReference; explicitFileType = wrapper.framework; includeInIndex = 0; path = Pods_SeekAsia.framework; sourceTree = BUILT_PRODUCTS_DIR; };
		9C63F76E2244369C00AB323B /* SeekAsia.app */ = {isa = PBXFileReference; explicitFileType = wrapper.application; includeInIndex = 0; path = SeekAsia.app; sourceTree = BUILT_PRODUCTS_DIR; };
		9C63F7712244369C00AB323B /* AppDelegate.swift */ = {isa = PBXFileReference; lastKnownFileType = sourcecode.swift; path = AppDelegate.swift; sourceTree = "<group>"; };
		9C63F7762244369C00AB323B /* Base */ = {isa = PBXFileReference; lastKnownFileType = file.storyboard; name = Base; path = Base.lproj/Main.storyboard; sourceTree = "<group>"; };
		9C63F7782244369E00AB323B /* Assets.xcassets */ = {isa = PBXFileReference; lastKnownFileType = folder.assetcatalog; path = Assets.xcassets; sourceTree = "<group>"; };
		9C63F77B2244369E00AB323B /* Base */ = {isa = PBXFileReference; lastKnownFileType = file.storyboard; name = Base; path = Base.lproj/LaunchScreen.storyboard; sourceTree = "<group>"; };
		9C63F77D2244369E00AB323B /* Info.plist */ = {isa = PBXFileReference; lastKnownFileType = text.plist.xml; path = Info.plist; sourceTree = "<group>"; };
		9C63F783224438D800AB323B /* SALoginViewController.swift */ = {isa = PBXFileReference; lastKnownFileType = sourcecode.swift; path = SALoginViewController.swift; sourceTree = "<group>"; };
		9C63F79222443ACC00AB323B /* API.swift */ = {isa = PBXFileReference; lastKnownFileType = sourcecode.swift; path = API.swift; sourceTree = "<group>"; };
		9C63F79822443D6300AB323B /* JobModel.swift */ = {isa = PBXFileReference; lastKnownFileType = sourcecode.swift; path = JobModel.swift; sourceTree = "<group>"; };
		9C63F79C22443E6D00AB323B /* Const.swift */ = {isa = PBXFileReference; lastKnownFileType = sourcecode.swift; path = Const.swift; sourceTree = "<group>"; };
		B35F7DEC50A92807FC495370 /* Pods-SeekAsia.release.xcconfig */ = {isa = PBXFileReference; includeInIndex = 1; lastKnownFileType = text.xcconfig; name = "Pods-SeekAsia.release.xcconfig"; path = "Pods/Target Support Files/Pods-SeekAsia/Pods-SeekAsia.release.xcconfig"; sourceTree = "<group>"; };
/* End PBXFileReference section */

/* Begin PBXFrameworksBuildPhase section */
		9C63F76B2244369C00AB323B /* Frameworks */ = {
			isa = PBXFrameworksBuildPhase;
			buildActionMask = 2147483647;
			files = (
				DD65C32059BC6E86E17FB61D /* Pods_SeekAsia.framework in Frameworks */,
			);
			runOnlyForDeploymentPostprocessing = 0;
		};
/* End PBXFrameworksBuildPhase section */

/* Begin PBXGroup section */
		66BA032CB872F710ED96E105 /* Pods */ = {
			isa = PBXGroup;
			children = (
				1D99C6F4841E2D47986827EF /* Pods-SeekAsia.debug.xcconfig */,
				B35F7DEC50A92807FC495370 /* Pods-SeekAsia.release.xcconfig */,
			);
			name = Pods;
			sourceTree = "<group>";
		};
		9C63F7652244369C00AB323B = {
			isa = PBXGroup;
			children = (
				9C63F7702244369C00AB323B /* SeekAsia */,
				9C63F76F2244369C00AB323B /* Products */,
				66BA032CB872F710ED96E105 /* Pods */,
				B7B90778412B73B284B9885B /* Frameworks */,
			);
			sourceTree = "<group>";
		};
		9C63F76F2244369C00AB323B /* Products */ = {
			isa = PBXGroup;
			children = (
				9C63F76E2244369C00AB323B /* SeekAsia.app */,
			);
			name = Products;
			sourceTree = "<group>";
		};
		9C63F7702244369C00AB323B /* SeekAsia */ = {
			isa = PBXGroup;
			children = (
				9C63F7712244369C00AB323B /* AppDelegate.swift */,
				9C63F79C22443E6D00AB323B /* Const.swift */,
				9C63F79B22443E4F00AB323B /* View Controller */,
				9C63F79A22443DAF00AB323B /* Models */,
				9C63F79422443B0900AB323B /* API */,
				9C63F79522443B1D00AB323B /* Storyboards */,
				9C63F7782244369E00AB323B /* Assets.xcassets */,
				9C63F77D2244369E00AB323B /* Info.plist */,
			);
			path = SeekAsia;
			sourceTree = "<group>";
		};
		9C63F79422443B0900AB323B /* API */ = {
			isa = PBXGroup;
			children = (
				9C63F79222443ACC00AB323B /* API.swift */,
			);
			path = API;
			sourceTree = "<group>";
		};
		9C63F79522443B1D00AB323B /* Storyboards */ = {
			isa = PBXGroup;
			children = (
				9C63F7752244369C00AB323B /* Main.storyboard */,
				9C63F77A2244369E00AB323B /* LaunchScreen.storyboard */,
			);
			path = Storyboards;
			sourceTree = "<group>";
		};
		9C63F79A22443DAF00AB323B /* Models */ = {
			isa = PBXGroup;
			children = (
				9C63F79822443D6300AB323B /* JobModel.swift */,
			);
			path = Models;
			sourceTree = "<group>";
		};
		9C63F79B22443E4F00AB323B /* View Controller */ = {
			isa = PBXGroup;
			children = (
				9C63F783224438D800AB323B /* SALoginViewController.swift */,
			);
			path = "View Controller";
			sourceTree = "<group>";
		};
		B7B90778412B73B284B9885B /* Frameworks */ = {
			isa = PBXGroup;
			children = (
				3CA5202EAF954A0A43502C32 /* Pods_SeekAsia.framework */,
			);
			name = Frameworks;
			sourceTree = "<group>";
		};
/* End PBXGroup section */

/* Begin PBXNativeTarget section */
		9C63F76D2244369C00AB323B /* SeekAsia */ = {
			isa = PBXNativeTarget;
			buildConfigurationList = 9C63F7802244369E00AB323B /* Build configuration list for PBXNativeTarget "SeekAsia" */;
			buildPhases = (
				2F2F0404200E93389FE9FB99 /* [CP] Check Pods Manifest.lock */,
				9C63F76A2244369C00AB323B /* Sources */,
				9C63F76B2244369C00AB323B /* Frameworks */,
				9C63F76C2244369C00AB323B /* Resources */,
				BDC6D96AEB638C121ED1FEBA /* [CP] Embed Pods Frameworks */,
			);
			buildRules = (
			);
			dependencies = (
			);
			name = SeekAsia;
			productName = SeekAsia;
			productReference = 9C63F76E2244369C00AB323B /* SeekAsia.app */;
			productType = "com.apple.product-type.application";
		};
/* End PBXNativeTarget section */

/* Begin PBXProject section */
		9C63F7662244369C00AB323B /* Project object */ = {
			isa = PBXProject;
			attributes = {
				LastSwiftUpdateCheck = 1010;
				LastUpgradeCheck = 1010;
				ORGANIZATIONNAME = "Afnan Khan";
				TargetAttributes = {
					9C63F76D2244369C00AB323B = {
						CreatedOnToolsVersion = 10.1;
					};
				};
			};
			buildConfigurationList = 9C63F7692244369C00AB323B /* Build configuration list for PBXProject "SeekAsia" */;
			compatibilityVersion = "Xcode 9.3";
			developmentRegion = en;
			hasScannedForEncodings = 0;
			knownRegions = (
				en,
				Base,
			);
			mainGroup = 9C63F7652244369C00AB323B;
			productRefGroup = 9C63F76F2244369C00AB323B /* Products */;
			projectDirPath = "";
			projectRoot = "";
			targets = (
				9C63F76D2244369C00AB323B /* SeekAsia */,
			);
		};
/* End PBXProject section */

/* Begin PBXResourcesBuildPhase section */
		9C63F76C2244369C00AB323B /* Resources */ = {
			isa = PBXResourcesBuildPhase;
			buildActionMask = 2147483647;
			files = (
				9C63F77C2244369E00AB323B /* LaunchScreen.storyboard in Resources */,
				9C63F7792244369E00AB323B /* Assets.xcassets in Resources */,
				9C63F7772244369C00AB323B /* Main.storyboard in Resources */,
			);
			runOnlyForDeploymentPostprocessing = 0;
		};
/* End PBXResourcesBuildPhase section */

/* Begin PBXShellScriptBuildPhase section */
		2F2F0404200E93389FE9FB99 /* [CP] Check Pods Manifest.lock */ = {
			isa = PBXShellScriptBuildPhase;
			buildActionMask = 2147483647;
			files = (
			);
			inputFileListPaths = (
			);
			inputPaths = (
				"${PODS_PODFILE_DIR_PATH}/Podfile.lock",
				"${PODS_ROOT}/Manifest.lock",
			);
			name = "[CP] Check Pods Manifest.lock";
			outputFileListPaths = (
			);
			outputPaths = (
				"$(DERIVED_FILE_DIR)/Pods-SeekAsia-checkManifestLockResult.txt",
			);
			runOnlyForDeploymentPostprocessing = 0;
			shellPath = /bin/sh;
			shellScript = "diff \"${PODS_PODFILE_DIR_PATH}/Podfile.lock\" \"${PODS_ROOT}/Manifest.lock\" > /dev/null\nif [ $? != 0 ] ; then\n    # print error to STDERR\n    echo \"error: The sandbox is not in sync with the Podfile.lock. Run 'pod install' or update your CocoaPods installation.\" >&2\n    exit 1\nfi\n# This output is used by Xcode 'outputs' to avoid re-running this script phase.\necho \"SUCCESS\" > \"${SCRIPT_OUTPUT_FILE_0}\"\n";
			showEnvVarsInLog = 0;
		};
		BDC6D96AEB638C121ED1FEBA /* [CP] Embed Pods Frameworks */ = {
			isa = PBXShellScriptBuildPhase;
			buildActionMask = 2147483647;
			files = (
			);
			inputFileListPaths = (
			);
			inputPaths = (
				"${SRCROOT}/Pods/Target Support Files/Pods-SeekAsia/Pods-SeekAsia-frameworks.sh",
				"${BUILT_PRODUCTS_DIR}/Alamofire/Alamofire.framework",
				"${BUILT_PRODUCTS_DIR}/Bolts-Swift/BoltsSwift.framework",
				"${BUILT_PRODUCTS_DIR}/ObjectMapper/ObjectMapper.framework",
				"${BUILT_PRODUCTS_DIR}/SwiftyJSON/SwiftyJSON.framework",
			);
			name = "[CP] Embed Pods Frameworks";
			outputFileListPaths = (
			);
			outputPaths = (
				"${TARGET_BUILD_DIR}/${FRAMEWORKS_FOLDER_PATH}/Alamofire.framework",
				"${TARGET_BUILD_DIR}/${FRAMEWORKS_FOLDER_PATH}/BoltsSwift.framework",
				"${TARGET_BUILD_DIR}/${FRAMEWORKS_FOLDER_PATH}/ObjectMapper.framework",
				"${TARGET_BUILD_DIR}/${FRAMEWORKS_FOLDER_PATH}/SwiftyJSON.framework",
			);
			runOnlyForDeploymentPostprocessing = 0;
			shellPath = /bin/sh;
			shellScript = "\"${SRCROOT}/Pods/Target Support Files/Pods-SeekAsia/Pods-SeekAsia-frameworks.sh\"\n";
			showEnvVarsInLog = 0;
		};
/* End PBXShellScriptBuildPhase section */

/* Begin PBXSourcesBuildPhase section */
		9C63F76A2244369C00AB323B /* Sources */ = {
			isa = PBXSourcesBuildPhase;
			buildActionMask = 2147483647;
			files = (
				9C63F784224438D800AB323B /* SALoginViewController.swift in Sources */,
				9C63F79322443ACC00AB323B /* API.swift in Sources */,
				9C63F7722244369C00AB323B /* AppDelegate.swift in Sources */,
				9C63F79922443D6300AB323B /* JobModel.swift in Sources */,
				9C63F79D22443E6D00AB323B /* Const.swift in Sources */,
			);
			runOnlyForDeploymentPostprocessing = 0;
		};
/* End PBXSourcesBuildPhase section */

/* Begin PBXVariantGroup section */
		9C63F7752244369C00AB323B /* Main.storyboard */ = {
			isa = PBXVariantGroup;
			children = (
				9C63F7762244369C00AB323B /* Base */,
			);
			name = Main.storyboard;
			sourceTree = "<group>";
		};
		9C63F77A2244369E00AB323B /* LaunchScreen.storyboard */ = {
			isa = PBXVariantGroup;
			children = (
				9C63F77B2244369E00AB323B /* Base */,
			);
			name = LaunchScreen.storyboard;
			sourceTree = "<group>";
		};
/* End PBXVariantGroup section */

/* Begin XCBuildConfiguration section */
		9C63F77E2244369E00AB323B /* Debug */ = {
			isa = XCBuildConfiguration;
			buildSettings = {
				ALWAYS_SEARCH_USER_PATHS = NO;
				CLANG_ANALYZER_NONNULL = YES;
				CLANG_ANALYZER_NUMBER_OBJECT_CONVERSION = YES_AGGRESSIVE;
				CLANG_CXX_LANGUAGE_STANDARD = "gnu++14";
				CLANG_CXX_LIBRARY = "libc++";
				CLANG_ENABLE_MODULES = YES;
				CLANG_ENABLE_OBJC_ARC = YES;
				CLANG_ENABLE_OBJC_WEAK = YES;
				CLANG_WARN_BLOCK_CAPTURE_AUTORELEASING = YES;
				CLANG_WARN_BOOL_CONVERSION = YES;
				CLANG_WARN_COMMA = YES;
				CLANG_WARN_CONSTANT_CONVERSION = YES;
				CLANG_WARN_DEPRECATED_OBJC_IMPLEMENTATIONS = YES;
				CLANG_WARN_DIRECT_OBJC_ISA_USAGE = YES_ERROR;
				CLANG_WARN_DOCUMENTATION_COMMENTS = YES;
				CLANG_WARN_EMPTY_BODY = YES;
				CLANG_WARN_ENUM_CONVERSION = YES;
				CLANG_WARN_INFINITE_RECURSION = YES;
				CLANG_WARN_INT_CONVERSION = YES;
				CLANG_WARN_NON_LITERAL_NULL_CONVERSION = YES;
				CLANG_WARN_OBJC_IMPLICIT_RETAIN_SELF = YES;
				CLANG_WARN_OBJC_LITERAL_CONVERSION = YES;
				CLANG_WARN_OBJC_ROOT_CLASS = YES_ERROR;
				CLANG_WARN_RANGE_LOOP_ANALYSIS = YES;
				CLANG_WARN_STRICT_PROTOTYPES = YES;
				CLANG_WARN_SUSPICIOUS_MOVE = YES;
				CLANG_WARN_UNGUARDED_AVAILABILITY = YES_AGGRESSIVE;
				CLANG_WARN_UNREACHABLE_CODE = YES;
				CLANG_WARN__DUPLICATE_METHOD_MATCH = YES;
				CODE_SIGN_IDENTITY = "iPhone Developer";
				COPY_PHASE_STRIP = NO;
				DEBUG_INFORMATION_FORMAT = dwarf;
				ENABLE_STRICT_OBJC_MSGSEND = YES;
				ENABLE_TESTABILITY = YES;
				GCC_C_LANGUAGE_STANDARD = gnu11;
				GCC_DYNAMIC_NO_PIC = NO;
				GCC_NO_COMMON_BLOCKS = YES;
				GCC_OPTIMIZATION_LEVEL = 0;
				GCC_PREPROCESSOR_DEFINITIONS = (
					"DEBUG=1",
					"$(inherited)",
				);
				GCC_WARN_64_TO_32_BIT_CONVERSION = YES;
				GCC_WARN_ABOUT_RETURN_TYPE = YES_ERROR;
				GCC_WARN_UNDECLARED_SELECTOR = YES;
				GCC_WARN_UNINITIALIZED_AUTOS = YES_AGGRESSIVE;
				GCC_WARN_UNUSED_FUNCTION = YES;
				GCC_WARN_UNUSED_VARIABLE = YES;
				IPHONEOS_DEPLOYMENT_TARGET = 12.1;
				MTL_ENABLE_DEBUG_INFO = INCLUDE_SOURCE;
				MTL_FAST_MATH = YES;
				ONLY_ACTIVE_ARCH = YES;
				SDKROOT = iphoneos;
				SWIFT_ACTIVE_COMPILATION_CONDITIONS = DEBUG;
				SWIFT_OPTIMIZATION_LEVEL = "-Onone";
			};
			name = Debug;
		};
		9C63F77F2244369E00AB323B /* Release */ = {
			isa = XCBuildConfiguration;
			buildSettings = {
				ALWAYS_SEARCH_USER_PATHS = NO;
				CLANG_ANALYZER_NONNULL = YES;
				CLANG_ANALYZER_NUMBER_OBJECT_CONVERSION = YES_AGGRESSIVE;
				CLANG_CXX_LANGUAGE_STANDARD = "gnu++14";
				CLANG_CXX_LIBRARY = "libc++";
				CLANG_ENABLE_MODULES = YES;
				CLANG_ENABLE_OBJC_ARC = YES;
				CLANG_ENABLE_OBJC_WEAK = YES;
				CLANG_WARN_BLOCK_CAPTURE_AUTORELEASING = YES;
				CLANG_WARN_BOOL_CONVERSION = YES;
				CLANG_WARN_COMMA = YES;
				CLANG_WARN_CONSTANT_CONVERSION = YES;
				CLANG_WARN_DEPRECATED_OBJC_IMPLEMENTATIONS = YES;
				CLANG_WARN_DIRECT_OBJC_ISA_USAGE = YES_ERROR;
				CLANG_WARN_DOCUMENTATION_COMMENTS = YES;
				CLANG_WARN_EMPTY_BODY = YES;
				CLANG_WARN_ENUM_CONVERSION = YES;
				CLANG_WARN_INFINITE_RECURSION = YES;
				CLANG_WARN_INT_CONVERSION = YES;
				CLANG_WARN_NON_LITERAL_NULL_CONVERSION = YES;
				CLANG_WARN_OBJC_IMPLICIT_RETAIN_SELF = YES;
				CLANG_WARN_OBJC_LITERAL_CONVERSION = YES;
				CLANG_WARN_OBJC_ROOT_CLASS = YES_ERROR;
				CLANG_WARN_RANGE_LOOP_ANALYSIS = YES;
				CLANG_WARN_STRICT_PROTOTYPES = YES;
				CLANG_WARN_SUSPICIOUS_MOVE = YES;
				CLANG_WARN_UNGUARDED_AVAILABILITY = YES_AGGRESSIVE;
				CLANG_WARN_UNREACHABLE_CODE = YES;
				CLANG_WARN__DUPLICATE_METHOD_MATCH = YES;
				CODE_SIGN_IDENTITY = "iPhone Developer";
				COPY_PHASE_STRIP = NO;
				DEBUG_INFORMATION_FORMAT = "dwarf-with-dsym";
				ENABLE_NS_ASSERTIONS = NO;
				ENABLE_STRICT_OBJC_MSGSEND = YES;
				GCC_C_LANGUAGE_STANDARD = gnu11;
				GCC_NO_COMMON_BLOCKS = YES;
				GCC_WARN_64_TO_32_BIT_CONVERSION = YES;
				GCC_WARN_ABOUT_RETURN_TYPE = YES_ERROR;
				GCC_WARN_UNDECLARED_SELECTOR = YES;
				GCC_WARN_UNINITIALIZED_AUTOS = YES_AGGRESSIVE;
				GCC_WARN_UNUSED_FUNCTION = YES;
				GCC_WARN_UNUSED_VARIABLE = YES;
				IPHONEOS_DEPLOYMENT_TARGET = 12.1;
				MTL_ENABLE_DEBUG_INFO = NO;
				MTL_FAST_MATH = YES;
				SDKROOT = iphoneos;
				SWIFT_COMPILATION_MODE = wholemodule;
				SWIFT_OPTIMIZATION_LEVEL = "-O";
				VALIDATE_PRODUCT = YES;
			};
			name = Release;
		};
		9C63F7812244369E00AB323B /* Debug */ = {
			isa = XCBuildConfiguration;
			baseConfigurationReference = 1D99C6F4841E2D47986827EF /* Pods-SeekAsia.debug.xcconfig */;
			buildSettings = {
				ASSETCATALOG_COMPILER_APPICON_NAME = AppIcon;
				CODE_SIGN_STYLE = Manual;
				DEVELOPMENT_TEAM = "";
				INFOPLIST_FILE = SeekAsia/Info.plist;
				LD_RUNPATH_SEARCH_PATHS = (
					"$(inherited)",
					"@executable_path/Frameworks",
				);
				PRODUCT_BUNDLE_IDENTIFIER = com.test.testingApp.SeekAsia;
				PRODUCT_NAME = "$(TARGET_NAME)";
				PROVISIONING_PROFILE_SPECIFIER = "";
				SWIFT_VERSION = 4.2;
				TARGETED_DEVICE_FAMILY = "1,2";
			};
			name = Debug;
		};
		9C63F7822244369E00AB323B /* Release */ = {
			isa = XCBuildConfiguration;
			baseConfigurationReference = B35F7DEC50A92807FC495370 /* Pods-SeekAsia.release.xcconfig */;
			buildSettings = {
				ASSETCATALOG_COMPILER_APPICON_NAME = AppIcon;
				CODE_SIGN_STYLE = Manual;
				DEVELOPMENT_TEAM = "";
				INFOPLIST_FILE = SeekAsia/Info.plist;
				LD_RUNPATH_SEARCH_PATHS = (
					"$(inherited)",
					"@executable_path/Frameworks",
				);
				PRODUCT_BUNDLE_IDENTIFIER = com.test.testingApp.SeekAsia;
				PRODUCT_NAME = "$(TARGET_NAME)";
				PROVISIONING_PROFILE_SPECIFIER = "";
				SWIFT_VERSION = 4.2;
				TARGETED_DEVICE_FAMILY = "1,2";
			};
			name = Release;
		};
/* End XCBuildConfiguration section */

/* Begin XCConfigurationList section */
		9C63F7692244369C00AB323B /* Build configuration list for PBXProject "SeekAsia" */ = {
			isa = XCConfigurationList;
			buildConfigurations = (
				9C63F77E2244369E00AB323B /* Debug */,
				9C63F77F2244369E00AB323B /* Release */,
			);
			defaultConfigurationIsVisible = 0;
			defaultConfigurationName = Release;
		};
		9C63F7802244369E00AB323B /* Build configuration list for PBXNativeTarget "SeekAsia" */ = {
			isa = XCConfigurationList;
			buildConfigurations = (
				9C63F7812244369E00AB323B /* Debug */,
				9C63F7822244369E00AB323B /* Release */,
			);
			defaultConfigurationIsVisible = 0;
			defaultConfigurationName = Release;
		};
/* End XCConfigurationList section */
	};
	rootObject = 9C63F7662244369C00AB323B /* Project object */;
}
